<?xml version="1.0" encoding="utf-8"?>
<Project ToolsVersion="4.0" xmlns="http://schemas.microsoft.com/developer/msbuild/2003">
  <ItemGroup>
    <Filter Include="源文件">
      <UniqueIdentifier>{4FC737F1-C7A5-4376-A066-2A32D752A2FF}</UniqueIdentifier>
      <Extensions>cpp;c;cc;cxx;c++;cppm;ixx;def;odl;idl;hpj;bat;asm;asmx</Extensions>
    </Filter>
    <Filter Include="头文件">
      <UniqueIdentifier>{93995380-89BD-4b04-88EB-625FBE52EBFB}</UniqueIdentifier>
      <Extensions>h;hh;hpp;hxx;h++;hm;inl;inc;ipp;xsd</Extensions>
    </Filter>
    <Filter Include="资源文件">
      <UniqueIdentifier>{67DA6AB6-F800-4c08-8B7A-83BB121AAD01}</UniqueIdentifier>
      <Extensions>rc;ico;cur;bmp;dlg;rc2;rct;bin;rgs;gif;jpg;jpeg;jpe;resx;tiff;tif;png;wav;mfcribbon-ms</Extensions>
    </Filter>
  </ItemGroup>
  <ItemGroup>
    <ClInclude Include="Src\STCommon\STExpMarcoDefine.h">
      <Filter>头文件</Filter>
    </ClInclude>
    <ClInclude Include="Src\STCommon\CoreMacroDef.h">
      <Filter>头文件</Filter>
    </ClInclude>
    <ClInclude Include="Src\STMControl\SerializationToolMdlControl.h">
      <Filter>头文件</Filter>
    </ClInclude>
    <ClInclude Include="Src\STMControl\SerializationToolServiceControl.h">
      <Filter>头文件</Filter>
    </ClInclude>
    <ClInclude Include="Src\SerializationToolFactory.h">
      <Filter>头文件</Filter>
    </ClInclude>
    <ClInclude Include="Src\ISerialization.h">
      <Filter>头文件</Filter>
    </ClInclude>
    <ClInclude Include="Src\STLogicService\Common\Archive.h">
      <Filter>头文件</Filter>
    </ClInclude>
    <ClInclude Include="Src\STLogicService\Common\Attribute.h">
      <Filter>头文件</Filter>
    </ClInclude>
    <ClInclude Include="Src\STLogicService\Common\Element.h">
      <Filter>头文件</Filter>
    </ClInclude>
    <ClInclude Include="Src\STLogicService\Common\PersistUtils.h">
      <Filter>头文件</Filter>
    </ClInclude>
    <ClInclude Include="Src\STLogicService\Common\TextReader.h">
      <Filter>头文件</Filter>
    </ClInclude>
    <ClInclude Include="Src\STLogicService\Common\TextWriter.h">
      <Filter>头文件</Filter>
    </ClInclude>
    <ClInclude Include="Src\STLogicService\JSON\picojson\picojson.h">
      <Filter>头文件</Filter>
    </ClInclude>
    <ClInclude Include="Src\STLogicService\JSON\JsonReader.h">
      <Filter>头文件</Filter>
    </ClInclude>
    <ClInclude Include="Src\STLogicService\JSON\JsonWriter.h">
      <Filter>头文件</Filter>
    </ClInclude>
    <ClInclude Include="Src\STLogicService\XML\pugixml\pugiconfig.hpp">
      <Filter>头文件</Filter>
    </ClInclude>
    <ClInclude Include="Src\STLogicService\XML\pugixml\pugixml.hpp">
      <Filter>头文件</Filter>
    </ClInclude>
    <ClInclude Include="Src\STLogicService\XML\XmlReader.h">
      <Filter>头文件</Filter>
    </ClInclude>
    <ClInclude Include="Src\STLogicService\XML\XmlWriter.h">
      <Filter>头文件</Filter>
    </ClInclude>
  </ItemGroup>
  <ItemGroup>
    <ClCompile Include="Src\STMControl\SerializationToolMdlControl.cpp">
      <Filter>源文件</Filter>
    </ClCompile>
    <ClCompile Include="Src\STMControl\SerializationToolServiceControl.cpp">
      <Filter>源文件</Filter>
    </ClCompile>
    <ClCompile Include="Src\SerializationToolFactory.cpp">
      <Filter>源文件</Filter>
    </ClCompile>
    <ClCompile Include="Src\STLogicService\Common\Archive.cpp">
      <Filter>源文件</Filter>
    </ClCompile>
    <ClCompile Include="Src\STLogicService\Common\Attribute.cpp">
      <Filter>源文件</Filter>
    </ClCompile>
    <ClCompile Include="Src\STLogicService\Common\Element.cpp">
      <Filter>源文件</Filter>
    </ClCompile>
    <ClCompile Include="Src\STLogicService\Common\TextReader.cpp">
      <Filter>源文件</Filter>
    </ClCompile>
    <ClCompile Include="Src\STLogicService\Common\TextWriter.cpp">
      <Filter>源文件</Filter>
    </ClCompile>
    <ClCompile Include="Src\STLogicService\JSON\JsonReader.cpp">
      <Filter>源文件</Filter>
    </ClCompile>
    <ClCompile Include="Src\STLogicService\JSON\JsonWriter.cpp">
      <Filter>源文件</Filter>
    </ClCompile>
    <ClCompile Include="Src\STLogicService\XML\pugixml\pugixml.cpp">
      <Filter>源文件</Filter>
    </ClCompile>
    <ClCompile Include="Src\STLogicService\XML\XmlReader.cpp">
      <Filter>源文件</Filter>
    </ClCompile>
    <ClCompile Include="Src\STLogicService\XML\XmlWriter.cpp">
      <Filter>源文件</Filter>
    </ClCompile>
  </ItemGroup>
</Project>