
Microsoft Visual Studio Solution File, Format Version 12.00
# Visual Studio Version 16
VisualStudioVersion = 16.0.33130.400
MinimumVisualStudioVersion = 10.0.40219.1
Project("{8BC9CEB8-8B4A-11D0-8D11-00A0C91BC942}") = "AZGameMainApp", "AZGameMainApp\AZGameMainApp.vcxproj", "{F4FF77EF-107A-4517-9288-DC6319979A26}"
EndProject
Project("{8BC9CEB8-8B4A-11D0-8D11-00A0C91BC942}") = "AZGameEngine", "AZGameEngine\AZGameEngine.vcxproj", "{1DBA3436-DE62-444B-8873-E3B7C31B4094}"
EndProject
Project("{8BC9CEB8-8B4A-11D0-8D11-00A0C91BC942}") = "Logger", "Logger\Logger.vcxproj", "{F4E5D4F0-A143-40C2-A58F-A8A70E70CCFE}"
EndProject
Global
	GlobalSection(SolutionConfigurationPlatforms) = preSolution
		Debug|x64 = Debug|x64
		Release|x64 = Release|x64
	EndGlobalSection
	GlobalSection(ProjectConfigurationPlatforms) = postSolution
		{F4FF77EF-107A-4517-9288-DC6319979A26}.Debug|x64.ActiveCfg = Debug|x64
		{F4FF77EF-107A-4517-9288-DC6319979A26}.Debug|x64.Build.0 = Debug|x64
		{F4FF77EF-107A-4517-9288-DC6319979A26}.Release|x64.ActiveCfg = Release|x64
		{F4FF77EF-107A-4517-9288-DC6319979A26}.Release|x64.Build.0 = Release|x64
		{1DBA3436-DE62-444B-8873-E3B7C31B4094}.Debug|x64.ActiveCfg = Debug|x64
		{1DBA3436-DE62-444B-8873-E3B7C31B4094}.Debug|x64.Build.0 = Debug|x64
		{1DBA3436-DE62-444B-8873-E3B7C31B4094}.Release|x64.ActiveCfg = Release|x64
		{1DBA3436-DE62-444B-8873-E3B7C31B4094}.Release|x64.Build.0 = Release|x64
		{F4E5D4F0-A143-40C2-A58F-A8A70E70CCFE}.Debug|x64.ActiveCfg = Debug|x64
		{F4E5D4F0-A143-40C2-A58F-A8A70E70CCFE}.Debug|x64.Build.0 = Debug|x64
		{F4E5D4F0-A143-40C2-A58F-A8A70E70CCFE}.Release|x64.ActiveCfg = Release|x64
		{F4E5D4F0-A143-40C2-A58F-A8A70E70CCFE}.Release|x64.Build.0 = Release|x64
	EndGlobalSection
	GlobalSection(SolutionProperties) = preSolution
		HideSolutionNode = FALSE
	EndGlobalSection
	GlobalSection(ExtensibilityGlobals) = postSolution
		SolutionGuid = {549C4EB7-81C5-49D4-87C2-C1FC6C03A643}
	EndGlobalSection
EndGlobal
