
Microsoft Visual Studio Solution File, Format Version 12.00
# Visual Studio Version 16
VisualStudioVersion = 16.0.33130.400
MinimumVisualStudioVersion = 10.0.40219.1
Project("{8BC9CEB8-8B4A-11D0-8D11-00A0C91BC942}") = "AZGameMainApp", "AZGameMainApp\AZGameMainApp.vcxproj", "{F4FF77EF-107A-4517-9288-DC6319979A26}"
EndProject
Project("{8BC9CEB8-8B4A-11D0-8D11-00A0C91BC942}") = "AZGameEngine", "AZGameEngine\AZGameEngine.vcxproj", "{1DBA3436-DE62-444B-8873-E3B7C31B4094}"
EndProject
Project("{8BC9CEB8-8B4A-11D0-8D11-00A0C91BC942}") = "Logger", "Logger\Logger.vcxproj", "{F4E5D4F0-A143-40C2-A58F-A8A70E70CCFE}"
EndProject
Project("{8BC9CEB8-8B4A-11D0-8D11-00A0C91BC942}") = "OpenGLUI", "OpenGLUI\OpenGLUI.vcxproj", "{E32515FD-8385-4546-95B7-77E5723F7F7D}"
EndProject
Project("{8BC9CEB8-8B4A-11D0-8D11-00A0C91BC942}") = "ModuleScheduling", "ModuleScheduling\ModuleScheduling.vcxproj", "{F07AF014-5FED-47F8-822C-AC340020921E}"
EndProject
Project("{2150E333-8FDC-42A3-9474-1A3956D46DE8}") = "AssistMdlGroup", "AssistMdlGroup", "{4A9C47A2-8BC7-4AC0-A52A-7CD726E887CA}"
EndProject
Project("{2150E333-8FDC-42A3-9474-1A3956D46DE8}") = "FuntionMdlGroup", "FuntionMdlGroup", "{E67DD75B-91D9-46D5-BEA8-A76A020140AE}"
EndProject
Project("{2150E333-8FDC-42A3-9474-1A3956D46DE8}") = "UIMdlGroup", "UIMdlGroup", "{475CEE64-D0F4-4AF7-807C-25DFBE0E39C6}"
EndProject
Project("{2150E333-8FDC-42A3-9474-1A3956D46DE8}") = "CommonMdlGroup", "CommonMdlGroup", "{CA99147D-5176-4D1F-8FF3-55A064E05FD5}"
EndProject
Project("{8BC9CEB8-8B4A-11D0-8D11-00A0C91BC942}") = "MdlCommon", "MdlCommon\MdlCommon.vcxproj", "{74A5C9F1-7F20-4911-A98E-C51D7A677B51}"
EndProject
Project("{8BC9CEB8-8B4A-11D0-8D11-00A0C91BC942}") = "TestCommon", "TestCommon\TestCommon.vcxproj", "{1CD4771F-C128-4830-9FA8-5C7CA6E6E7B7}"
EndProject
Global
	GlobalSection(SolutionConfigurationPlatforms) = preSolution
		Debug|x64 = Debug|x64
		Debug|x86 = Debug|x86
		Release|x64 = Release|x64
		Release|x86 = Release|x86
	EndGlobalSection
	GlobalSection(ProjectConfigurationPlatforms) = postSolution
		{F4FF77EF-107A-4517-9288-DC6319979A26}.Debug|x64.ActiveCfg = Debug|x64
		{F4FF77EF-107A-4517-9288-DC6319979A26}.Debug|x64.Build.0 = Debug|x64
		{F4FF77EF-107A-4517-9288-DC6319979A26}.Debug|x86.ActiveCfg = Debug|x64
		{F4FF77EF-107A-4517-9288-DC6319979A26}.Release|x64.ActiveCfg = Release|x64
		{F4FF77EF-107A-4517-9288-DC6319979A26}.Release|x64.Build.0 = Release|x64
		{F4FF77EF-107A-4517-9288-DC6319979A26}.Release|x86.ActiveCfg = Release|x64
		{1DBA3436-DE62-444B-8873-E3B7C31B4094}.Debug|x64.ActiveCfg = Debug|x64
		{1DBA3436-DE62-444B-8873-E3B7C31B4094}.Debug|x64.Build.0 = Debug|x64
		{1DBA3436-DE62-444B-8873-E3B7C31B4094}.Debug|x86.ActiveCfg = Debug|x64
		{1DBA3436-DE62-444B-8873-E3B7C31B4094}.Release|x64.ActiveCfg = Release|x64
		{1DBA3436-DE62-444B-8873-E3B7C31B4094}.Release|x64.Build.0 = Release|x64
		{1DBA3436-DE62-444B-8873-E3B7C31B4094}.Release|x86.ActiveCfg = Release|x64
		{F4E5D4F0-A143-40C2-A58F-A8A70E70CCFE}.Debug|x64.ActiveCfg = Debug|x64
		{F4E5D4F0-A143-40C2-A58F-A8A70E70CCFE}.Debug|x64.Build.0 = Debug|x64
		{F4E5D4F0-A143-40C2-A58F-A8A70E70CCFE}.Debug|x86.ActiveCfg = Debug|x64
		{F4E5D4F0-A143-40C2-A58F-A8A70E70CCFE}.Release|x64.ActiveCfg = Release|x64
		{F4E5D4F0-A143-40C2-A58F-A8A70E70CCFE}.Release|x64.Build.0 = Release|x64
		{F4E5D4F0-A143-40C2-A58F-A8A70E70CCFE}.Release|x86.ActiveCfg = Release|x64
		{E32515FD-8385-4546-95B7-77E5723F7F7D}.Debug|x64.ActiveCfg = Debug|x64
		{E32515FD-8385-4546-95B7-77E5723F7F7D}.Debug|x64.Build.0 = Debug|x64
		{E32515FD-8385-4546-95B7-77E5723F7F7D}.Debug|x86.ActiveCfg = Debug|x64
		{E32515FD-8385-4546-95B7-77E5723F7F7D}.Release|x64.ActiveCfg = Release|x64
		{E32515FD-8385-4546-95B7-77E5723F7F7D}.Release|x64.Build.0 = Release|x64
		{E32515FD-8385-4546-95B7-77E5723F7F7D}.Release|x86.ActiveCfg = Release|x64
		{F07AF014-5FED-47F8-822C-AC340020921E}.Debug|x64.ActiveCfg = Debug|x64
		{F07AF014-5FED-47F8-822C-AC340020921E}.Debug|x64.Build.0 = Debug|x64
		{F07AF014-5FED-47F8-822C-AC340020921E}.Debug|x86.ActiveCfg = Debug|x64
		{F07AF014-5FED-47F8-822C-AC340020921E}.Release|x64.ActiveCfg = Release|x64
		{F07AF014-5FED-47F8-822C-AC340020921E}.Release|x64.Build.0 = Release|x64
		{F07AF014-5FED-47F8-822C-AC340020921E}.Release|x86.ActiveCfg = Release|x64
		{74A5C9F1-7F20-4911-A98E-C51D7A677B51}.Debug|x64.ActiveCfg = Debug|x64
		{74A5C9F1-7F20-4911-A98E-C51D7A677B51}.Debug|x64.Build.0 = Debug|x64
		{74A5C9F1-7F20-4911-A98E-C51D7A677B51}.Debug|x86.ActiveCfg = Debug|Win32
		{74A5C9F1-7F20-4911-A98E-C51D7A677B51}.Debug|x86.Build.0 = Debug|Win32
		{74A5C9F1-7F20-4911-A98E-C51D7A677B51}.Release|x64.ActiveCfg = Release|x64
		{74A5C9F1-7F20-4911-A98E-C51D7A677B51}.Release|x64.Build.0 = Release|x64
		{74A5C9F1-7F20-4911-A98E-C51D7A677B51}.Release|x86.ActiveCfg = Release|Win32
		{74A5C9F1-7F20-4911-A98E-C51D7A677B51}.Release|x86.Build.0 = Release|Win32
		{1CD4771F-C128-4830-9FA8-5C7CA6E6E7B7}.Debug|x64.ActiveCfg = Debug|x64
		{1CD4771F-C128-4830-9FA8-5C7CA6E6E7B7}.Debug|x64.Build.0 = Debug|x64
		{1CD4771F-C128-4830-9FA8-5C7CA6E6E7B7}.Debug|x86.ActiveCfg = Debug|Win32
		{1CD4771F-C128-4830-9FA8-5C7CA6E6E7B7}.Debug|x86.Build.0 = Debug|Win32
		{1CD4771F-C128-4830-9FA8-5C7CA6E6E7B7}.Release|x64.ActiveCfg = Release|x64
		{1CD4771F-C128-4830-9FA8-5C7CA6E6E7B7}.Release|x64.Build.0 = Release|x64
		{1CD4771F-C128-4830-9FA8-5C7CA6E6E7B7}.Release|x86.ActiveCfg = Release|Win32
		{1CD4771F-C128-4830-9FA8-5C7CA6E6E7B7}.Release|x86.Build.0 = Release|Win32
	EndGlobalSection
	GlobalSection(SolutionProperties) = preSolution
		HideSolutionNode = FALSE
	EndGlobalSection
	GlobalSection(NestedProjects) = preSolution
		{1DBA3436-DE62-444B-8873-E3B7C31B4094} = {E67DD75B-91D9-46D5-BEA8-A76A020140AE}
		{F4E5D4F0-A143-40C2-A58F-A8A70E70CCFE} = {E67DD75B-91D9-46D5-BEA8-A76A020140AE}
		{E32515FD-8385-4546-95B7-77E5723F7F7D} = {475CEE64-D0F4-4AF7-807C-25DFBE0E39C6}
		{F07AF014-5FED-47F8-822C-AC340020921E} = {4A9C47A2-8BC7-4AC0-A52A-7CD726E887CA}
		{74A5C9F1-7F20-4911-A98E-C51D7A677B51} = {CA99147D-5176-4D1F-8FF3-55A064E05FD5}
		{1CD4771F-C128-4830-9FA8-5C7CA6E6E7B7} = {CA99147D-5176-4D1F-8FF3-55A064E05FD5}
	EndGlobalSection
	GlobalSection(ExtensibilityGlobals) = postSolution
		SolutionGuid = {549C4EB7-81C5-49D4-87C2-C1FC6C03A643}
	EndGlobalSection
EndGlobal
