
Microsoft Visual Studio Solution File, Format Version 12.00
# Visual Studio Version 16
VisualStudioVersion = 16.0.33214.272
MinimumVisualStudioVersion = 10.0.40219.1
Project("{8BC9CEB8-8B4A-11D0-8D11-00A0C91BC942}") = "OpenGL3DService", "OpenGL3DService\OpenGL3DService.vcxproj", "{9DC392C9-74B7-47CD-935A-165784FC324B}"
EndProject
Global
	GlobalSection(SolutionConfigurationPlatforms) = preSolution
		Debug|x64 = Debug|x64
		Release|x64 = Release|x64
	EndGlobalSection
	GlobalSection(ProjectConfigurationPlatforms) = postSolution
		{9DC392C9-74B7-47CD-935A-165784FC324B}.Debug|x64.ActiveCfg = Debug|x64
		{9DC392C9-74B7-47CD-935A-165784FC324B}.Debug|x64.Build.0 = Debug|x64
		{9DC392C9-74B7-47CD-935A-165784FC324B}.Release|x64.ActiveCfg = Release|x64
		{9DC392C9-74B7-47CD-935A-165784FC324B}.Release|x64.Build.0 = Release|x64
	EndGlobalSection
	GlobalSection(SolutionProperties) = preSolution
		HideSolutionNode = FALSE
	EndGlobalSection
	GlobalSection(ExtensibilityGlobals) = postSolution
		SolutionGuid = {787717EE-9A0D-4885-8D07-66408E842799}
	EndGlobalSection
EndGlobal
